
Microsoft Visual Studio Solution File, Format Version 12.00
# Visual Studio 15
VisualStudioVersion = 15.0.28307.271
MinimumVisualStudioVersion = 10.0.40219.1
Project("{FAE04EC0-301F-11D3-BF4B-00C04F79EFBC}") = "Sınav Ortalama", "Sınav Ortalama\Sınav Ortalama.csproj", "{E231DED2-FE2F-44EC-948A-3AC220D7B4A2}"
EndProject
Global
	GlobalSection(SolutionConfigurationPlatforms) = preSolution
		Debug|Any CPU = Debug|Any CPU
		Release|Any CPU = Release|Any CPU
	EndGlobalSection
	GlobalSection(ProjectConfigurationPlatforms) = postSolution
		{E231DED2-FE2F-44EC-948A-3AC220D7B4A2}.Debug|Any CPU.ActiveCfg = Debug|Any CPU
		{E231DED2-FE2F-44EC-948A-3AC220D7B4A2}.Debug|Any CPU.Build.0 = Debug|Any CPU
		{E231DED2-FE2F-44EC-948A-3AC220D7B4A2}.Release|Any CPU.ActiveCfg = Release|Any CPU
		{E231DED2-FE2F-44EC-948A-3AC220D7B4A2}.Release|Any CPU.Build.0 = Release|Any CPU
	EndGlobalSection
	GlobalSection(SolutionProperties) = preSolution
		HideSolutionNode = FALSE
	EndGlobalSection
	GlobalSection(ExtensibilityGlobals) = postSolution
		SolutionGuid = {D39E0AAC-3BDE-41C3-B410-F73504955E0E}
	EndGlobalSection
EndGlobal
